// !$*UTF8*$!
{
	archiveVersion = 1;
	classes = {
	};
	objectVersion = 48;
	objects = {

/* Begin PBXBuildFile section */
		54BFC468204D88DC00ABFCCF /* AppDelegate.swift in Sources */ = {isa = PBXBuildFile; fileRef = 54BFC467204D88DC00ABFCCF /* AppDelegate.swift */; };
		54BFC46A204D88DC00ABFCCF /* ViewController.swift in Sources */ = {isa = PBXBuildFile; fileRef = 54BFC469204D88DC00ABFCCF /* ViewController.swift */; };
		54BFC46D204D88DC00ABFCCF /* Main.storyboard in Resources */ = {isa = PBXBuildFile; fileRef = 54BFC46B204D88DC00ABFCCF /* Main.storyboard */; };
		54BFC46F204D88DC00ABFCCF /* Assets.xcassets in Resources */ = {isa = PBXBuildFile; fileRef = 54BFC46E204D88DC00ABFCCF /* Assets.xcassets */; };
		54BFC472204D88DC00ABFCCF /* LaunchScreen.storyboard in Resources */ = {isa = PBXBuildFile; fileRef = 54BFC470204D88DC00ABFCCF /* LaunchScreen.storyboard */; };
		54BFC47C204D897100ABFCCF /* BouncerBehavior.swift in Sources */ = {isa = PBXBuildFile; fileRef = 54BFC47B204D897100ABFCCF /* BouncerBehavior.swift */; };
		54DBD50F2111016000FC51ED /* Settings.bundle in Resources */ = {isa = PBXBuildFile; fileRef = 54DBD50E2111016000FC51ED /* Settings.bundle */; };
/* End PBXBuildFile section */

/* Begin PBXFileReference section */
		54BFC464204D88DC00ABFCCF /* Bouncer.app */ = {isa = PBXFileReference; explicitFileType = wrapper.application; includeInIndex = 0; path = Bouncer.app; sourceTree = BUILT_PRODUCTS_DIR; };
		54BFC467204D88DC00ABFCCF /* AppDelegate.swift */ = {isa = PBXFileReference; lastKnownFileType = sourcecode.swift; path = AppDelegate.swift; sourceTree = "<group>"; };
		54BFC469204D88DC00ABFCCF /* ViewController.swift */ = {isa = PBXFileReference; lastKnownFileType = sourcecode.swift; path = ViewController.swift; sourceTree = "<group>"; };
		54BFC46C204D88DC00ABFCCF /* Base */ = {isa = PBXFileReference; lastKnownFileType = file.storyboard; name = Base; path = Base.lproj/Main.storyboard; sourceTree = "<group>"; };
		54BFC46E204D88DC00ABFCCF /* Assets.xcassets */ = {isa = PBXFileReference; lastKnownFileType = folder.assetcatalog; path = Assets.xcassets; sourceTree = "<group>"; };
		54BFC471204D88DC00ABFCCF /* Base */ = {isa = PBXFileReference; lastKnownFileType = file.storyboard; name = Base; path = Base.lproj/LaunchScreen.storyboard; sourceTree = "<group>"; };
		54BFC473204D88DC00ABFCCF /* Info.plist */ = {isa = PBXFileReference; lastKnownFileType = text.plist.xml; path = Info.plist; sourceTree = "<group>"; };
		54BFC47B204D897100ABFCCF /* BouncerBehavior.swift */ = {isa = PBXFileReference; lastKnownFileType = sourcecode.swift; path = BouncerBehavior.swift; sourceTree = "<group>"; };
		54DBD50E2111016000FC51ED /* Settings.bundle */ = {isa = PBXFileReference; lastKnownFileType = "wrapper.plug-in"; path = Settings.bundle; sourceTree = "<group>"; };
/* End PBXFileReference section */

/* Begin PBXFrameworksBuildPhase section */
		54BFC461204D88DC00ABFCCF /* Frameworks */ = {
			isa = PBXFrameworksBuildPhase;
			buildActionMask = 2147483647;
			files = (
			);
			runOnlyForDeploymentPostprocessing = 0;
		};
/* End PBXFrameworksBuildPhase section */

/* Begin PBXGroup section */
		54BFC45B204D88DC00ABFCCF = {
			isa = PBXGroup;
			children = (
				54BFC466204D88DC00ABFCCF /* Bouncer */,
				54BFC465204D88DC00ABFCCF /* Products */,
			);
			sourceTree = "<group>";
		};
		54BFC465204D88DC00ABFCCF /* Products */ = {
			isa = PBXGroup;
			children = (
				54BFC464204D88DC00ABFCCF /* Bouncer.app */,
			);
			name = Products;
			sourceTree = "<group>";
		};
		54BFC466204D88DC00ABFCCF /* Bouncer */ = {
			isa = PBXGroup;
			children = (
				54BFC47B204D897100ABFCCF /* BouncerBehavior.swift */,
				54BFC467204D88DC00ABFCCF /* AppDelegate.swift */,
				54BFC469204D88DC00ABFCCF /* ViewController.swift */,
				54DBD50E2111016000FC51ED /* Settings.bundle */,
				54BFC46B204D88DC00ABFCCF /* Main.storyboard */,
				54BFC46E204D88DC00ABFCCF /* Assets.xcassets */,
				54BFC470204D88DC00ABFCCF /* LaunchScreen.storyboard */,
				54BFC473204D88DC00ABFCCF /* Info.plist */,
			);
			path = Bouncer;
			sourceTree = "<group>";
		};
/* End PBXGroup section */

/* Begin PBXNativeTarget section */
		54BFC463204D88DC00ABFCCF /* Bouncer */ = {
			isa = PBXNativeTarget;
			buildConfigurationList = 54BFC476204D88DC00ABFCCF /* Build configuration list for PBXNativeTarget "Bouncer" */;
			buildPhases = (
				54BFC460204D88DC00ABFCCF /* Sources */,
				54BFC461204D88DC00ABFCCF /* Frameworks */,
				54BFC462204D88DC00ABFCCF /* Resources */,
			);
			buildRules = (
			);
			dependencies = (
			);
			name = Bouncer;
			productName = Bouncer;
			productReference = 54BFC464204D88DC00ABFCCF /* Bouncer.app */;
			productType = "com.apple.product-type.application";
		};
/* End PBXNativeTarget section */

/* Begin PBXProject section */
		54BFC45C204D88DC00ABFCCF /* Project object */ = {
			isa = PBXProject;
			attributes = {
				LastSwiftUpdateCheck = 0920;
				LastUpgradeCheck = 0920;
				ORGANIZATIONNAME = "Victor Shurapov";
				TargetAttributes = {
					54BFC463204D88DC00ABFCCF = {
						CreatedOnToolsVersion = 9.2;
						ProvisioningStyle = Automatic;
					};
				};
			};
			buildConfigurationList = 54BFC45F204D88DC00ABFCCF /* Build configuration list for PBXProject "Bouncer" */;
			compatibilityVersion = "Xcode 8.0";
			developmentRegion = en;
			hasScannedForEncodings = 0;
			knownRegions = (
				en,
				Base,
			);
			mainGroup = 54BFC45B204D88DC00ABFCCF;
			productRefGroup = 54BFC465204D88DC00ABFCCF /* Products */;
			projectDirPath = "";
			projectRoot = "";
			targets = (
				54BFC463204D88DC00ABFCCF /* Bouncer */,
			);
		};
/* End PBXProject section */

/* Begin PBXResourcesBuildPhase section */
		54BFC462204D88DC00ABFCCF /* Resources */ = {
			isa = PBXResourcesBuildPhase;
			buildActionMask = 2147483647;
			files = (
				54DBD50F2111016000FC51ED /* Settings.bundle in Resources */,
				54BFC472204D88DC00ABFCCF /* LaunchScreen.storyboard in Resources */,
				54BFC46F204D88DC00ABFCCF /* Assets.xcassets in Resources */,
				54BFC46D204D88DC00ABFCCF /* Main.storyboard in Resources */,
			);
			runOnlyForDeploymentPostprocessing = 0;
		};
/* End PBXResourcesBuildPhase section */

/* Begin PBXSourcesBuildPhase section */
		54BFC460204D88DC00ABFCCF /* Sources */ = {
			isa = PBXSourcesBuildPhase;
			buildActionMask = 2147483647;
			files = (
				54BFC46A204D88DC00ABFCCF /* ViewController.swift in Sources */,
				54BFC47C204D897100ABFCCF /* BouncerBehavior.swift in Sources */,
				54BFC468204D88DC00ABFCCF /* AppDelegate.swift in Sources */,
			);
			runOnlyForDeploymentPostprocessing = 0;
		};
/* End PBXSourcesBuildPhase section */

/* Begin PBXVariantGroup section */
		54BFC46B204D88DC00ABFCCF /* Main.storyboard */ = {
			isa = PBXVariantGroup;
			children = (
				54BFC46C204D88DC00ABFCCF /* Base */,
			);
			name = Main.storyboard;
			sourceTree = "<group>";
		};
		54BFC470204D88DC00ABFCCF /* LaunchScreen.storyboard */ = {
			isa = PBXVariantGroup;
			children = (
				54BFC471204D88DC00ABFCCF /* Base */,
			);
			name = LaunchScreen.storyboard;
			sourceTree = "<group>";
		};
/* End PBXVariantGroup section */

/* Begin XCBuildConfiguration section */
		54BFC474204D88DC00ABFCCF /* Debug */ = {
			isa = XCBuildConfiguration;
			buildSettings = {
				ALWAYS_SEARCH_USER_PATHS = NO;
				CLANG_ANALYZER_NONNULL = YES;
				CLANG_ANALYZER_NUMBER_OBJECT_CONVERSION = YES_AGGRESSIVE;
				CLANG_CXX_LANGUAGE_STANDARD = "gnu++14";
				CLANG_CXX_LIBRARY = "libc++";
				CLANG_ENABLE_MODULES = YES;
				CLANG_ENABLE_OBJC_ARC = YES;
				CLANG_WARN_BLOCK_CAPTURE_AUTORELEASING = YES;
				CLANG_WARN_BOOL_CONVERSION = YES;
				CLANG_WARN_COMMA = YES;
				CLANG_WARN_CONSTANT_CONVERSION = YES;
				CLANG_WARN_DIRECT_OBJC_ISA_USAGE = YES_ERROR;
				CLANG_WARN_DOCUMENTATION_COMMENTS = YES;
				CLANG_WARN_EMPTY_BODY = YES;
				CLANG_WARN_ENUM_CONVERSION = YES;
				CLANG_WARN_INFINITE_RECURSION = YES;
				CLANG_WARN_INT_CONVERSION = YES;
				CLANG_WARN_NON_LITERAL_NULL_CONVERSION = YES;
				CLANG_WARN_OBJC_LITERAL_CONVERSION = YES;
				CLANG_WARN_OBJC_ROOT_CLASS = YES_ERROR;
				CLANG_WARN_RANGE_LOOP_ANALYSIS = YES;
				CLANG_WARN_STRICT_PROTOTYPES = YES;
				CLANG_WARN_SUSPICIOUS_MOVE = YES;
				CLANG_WARN_UNGUARDED_AVAILABILITY = YES_AGGRESSIVE;
				CLANG_WARN_UNREACHABLE_CODE = YES;
				CLANG_WARN__DUPLICATE_METHOD_MATCH = YES;
				CODE_SIGN_IDENTITY = "iPhone Developer";
				COPY_PHASE_STRIP = NO;
				DEBUG_INFORMATION_FORMAT = dwarf;
				ENABLE_STRICT_OBJC_MSGSEND = YES;
				ENABLE_TESTABILITY = YES;
				GCC_C_LANGUAGE_STANDARD = gnu11;
				GCC_DYNAMIC_NO_PIC = NO;
				GCC_NO_COMMON_BLOCKS = YES;
				GCC_OPTIMIZATION_LEVEL = 0;
				GCC_PREPROCESSOR_DEFINITIONS = (
					"DEBUG=1",
					"$(inherited)",
				);
				GCC_WARN_64_TO_32_BIT_CONVERSION = YES;
				GCC_WARN_ABOUT_RETURN_TYPE = YES_ERROR;
				GCC_WARN_UNDECLARED_SELECTOR = YES;
				GCC_WARN_UNINITIALIZED_AUTOS = YES_AGGRESSIVE;
				GCC_WARN_UNUSED_FUNCTION = YES;
				GCC_WARN_UNUSED_VARIABLE = YES;
				IPHONEOS_DEPLOYMENT_TARGET = 11.2;
				MTL_ENABLE_DEBUG_INFO = YES;
				ONLY_ACTIVE_ARCH = YES;
				SDKROOT = iphoneos;
				SWIFT_ACTIVE_COMPILATION_CONDITIONS = DEBUG;
				SWIFT_OPTIMIZATION_LEVEL = "-Onone";
			};
			name = Debug;
		};
		54BFC475204D88DC00ABFCCF /* Release */ = {
			isa = XCBuildConfiguration;
			buildSettings = {
				ALWAYS_SEARCH_USER_PATHS = NO;
				CLANG_ANALYZER_NONNULL = YES;
				CLANG_ANALYZER_NUMBER_OBJECT_CONVERSION = YES_AGGRESSIVE;
				CLANG_CXX_LANGUAGE_STANDARD = "gnu++14";
				CLANG_CXX_LIBRARY = "libc++";
				CLANG_ENABLE_MODULES = YES;
				CLANG_ENABLE_OBJC_ARC = YES;
				CLANG_WARN_BLOCK_CAPTURE_AUTORELEASING = YES;
				CLANG_WARN_BOOL_CONVERSION = YES;
				CLANG_WARN_COMMA = YES;
				CLANG_WARN_CONSTANT_CONVERSION = YES;
				CLANG_WARN_DIRECT_OBJC_ISA_USAGE = YES_ERROR;
				CLANG_WARN_DOCUMENTATION_COMMENTS = YES;
				CLANG_WARN_EMPTY_BODY = YES;
				CLANG_WARN_ENUM_CONVERSION = YES;
				CLANG_WARN_INFINITE_RECURSION = YES;
				CLANG_WARN_INT_CONVERSION = YES;
				CLANG_WARN_NON_LITERAL_NULL_CONVERSION = YES;
				CLANG_WARN_OBJC_LITERAL_CONVERSION = YES;
				CLANG_WARN_OBJC_ROOT_CLASS = YES_ERROR;
				CLANG_WARN_RANGE_LOOP_ANALYSIS = YES;
				CLANG_WARN_STRICT_PROTOTYPES = YES;
				CLANG_WARN_SUSPICIOUS_MOVE = YES;
				CLANG_WARN_UNGUARDED_AVAILABILITY = YES_AGGRESSIVE;
				CLANG_WARN_UNREACHABLE_CODE = YES;
				CLANG_WARN__DUPLICATE_METHOD_MATCH = YES;
				CODE_SIGN_IDENTITY = "iPhone Developer";
				COPY_PHASE_STRIP = NO;
				DEBUG_INFORMATION_FORMAT = "dwarf-with-dsym";
				ENABLE_NS_ASSERTIONS = NO;
				ENABLE_STRICT_OBJC_MSGSEND = YES;
				GCC_C_LANGUAGE_STANDARD = gnu11;
				GCC_NO_COMMON_BLOCKS = YES;
				GCC_WARN_64_TO_32_BIT_CONVERSION = YES;
				GCC_WARN_ABOUT_RETURN_TYPE = YES_ERROR;
				GCC_WARN_UNDECLARED_SELECTOR = YES;
				GCC_WARN_UNINITIALIZED_AUTOS = YES_AGGRESSIVE;
				GCC_WARN_UNUSED_FUNCTION = YES;
				GCC_WARN_UNUSED_VARIABLE = YES;
				IPHONEOS_DEPLOYMENT_TARGET = 11.2;
				MTL_ENABLE_DEBUG_INFO = NO;
				SDKROOT = iphoneos;
				SWIFT_OPTIMIZATION_LEVEL = "-Owholemodule";
				VALIDATE_PRODUCT = YES;
			};
			name = Release;
		};
		54BFC477204D88DC00ABFCCF /* Debug */ = {
			isa = XCBuildConfiguration;
			buildSettings = {
				ASSETCATALOG_COMPILER_APPICON_NAME = AppIcon;
				CODE_SIGN_STYLE = Automatic;
				DEVELOPMENT_TEAM = 928AX9C685;
				INFOPLIST_FILE = Bouncer/Info.plist;
				IPHONEOS_DEPLOYMENT_TARGET = 10.0;
				LD_RUNPATH_SEARCH_PATHS = "$(inherited) @executable_path/Frameworks";
				PRODUCT_BUNDLE_IDENTIFIER = VVV.Bouncer;
				PRODUCT_NAME = "$(TARGET_NAME)";
				SWIFT_VERSION = 4.0;
				TARGETED_DEVICE_FAMILY = "1,2";
			};
			name = Debug;
		};
		54BFC478204D88DC00ABFCCF /* Release */ = {
			isa = XCBuildConfiguration;
			buildSettings = {
				ASSETCATALOG_COMPILER_APPICON_NAME = AppIcon;
				CODE_SIGN_STYLE = Automatic;
				DEVELOPMENT_TEAM = 928AX9C685;
				INFOPLIST_FILE = Bouncer/Info.plist;
				IPHONEOS_DEPLOYMENT_TARGET = 10.0;
				LD_RUNPATH_SEARCH_PATHS = "$(inherited) @executable_path/Frameworks";
				PRODUCT_BUNDLE_IDENTIFIER = VVV.Bouncer;
				PRODUCT_NAME = "$(TARGET_NAME)";
				SWIFT_VERSION = 4.0;
				TARGETED_DEVICE_FAMILY = "1,2";
			};
			name = Release;
		};
/* End XCBuildConfiguration section */

/* Begin XCConfigurationList section */
		54BFC45F204D88DC00ABFCCF /* Build configuration list for PBXProject "Bouncer" */ = {
			isa = XCConfigurationList;
			buildConfigurations = (
				54BFC474204D88DC00ABFCCF /* Debug */,
				54BFC475204D88DC00ABFCCF /* Release */,
			);
			defaultConfigurationIsVisible = 0;
			defaultConfigurationName = Release;
		};
		54BFC476204D88DC00ABFCCF /* Build configuration list for PBXNativeTarget "Bouncer" */ = {
			isa = XCConfigurationList;
			buildConfigurations = (
				54BFC477204D88DC00ABFCCF /* Debug */,
				54BFC478204D88DC00ABFCCF /* Release */,
			);
			defaultConfigurationIsVisible = 0;
			defaultConfigurationName = Release;
		};
/* End XCConfigurationList section */
	};
	rootObject = 54BFC45C204D88DC00ABFCCF /* Project object */;
}
